
Microsoft Visual Studio Solution File, Format Version 12.00
# Visual Studio 2013
VisualStudioVersion = 12.0.20623.1 VSUPREVIEW
MinimumVisualStudioVersion = 10.0.40219.1
Project("{FAE04EC0-301F-11D3-BF4B-00C04F79EFBC}") = "WebApplication", "WebApplication\WebApplication.csproj", "{A308ED29-4D59-417D-BA09-BB248973283E}"
EndProject
Project("{FAE04EC0-301F-11D3-BF4B-00C04F79EFBC}") = "WebCustomUser", "WebCustomUser\WebCustomUser.csproj", "{7F312D64-1E73-45F7-946B-F24A20E43DD2}"
EndProject
Project("{FAE04EC0-301F-11D3-BF4B-00C04F79EFBC}") = "UserModel", "UserModel\UserModel.csproj", "{4D0463C2-7340-4F7D-B9DE-D17D037DB4DA}"
EndProject
Global
	GlobalSection(SolutionConfigurationPlatforms) = preSolution
		Debug|Any CPU = Debug|Any CPU
		Release|Any CPU = Release|Any CPU
	EndGlobalSection
	GlobalSection(ProjectConfigurationPlatforms) = postSolution
		{A308ED29-4D59-417D-BA09-BB248973283E}.Debug|Any CPU.ActiveCfg = Debug|Any CPU
		{A308ED29-4D59-417D-BA09-BB248973283E}.Debug|Any CPU.Build.0 = Debug|Any CPU
		{A308ED29-4D59-417D-BA09-BB248973283E}.Release|Any CPU.ActiveCfg = Release|Any CPU
		{A308ED29-4D59-417D-BA09-BB248973283E}.Release|Any CPU.Build.0 = Release|Any CPU
		{7F312D64-1E73-45F7-946B-F24A20E43DD2}.Debug|Any CPU.ActiveCfg = Debug|Any CPU
		{7F312D64-1E73-45F7-946B-F24A20E43DD2}.Debug|Any CPU.Build.0 = Debug|Any CPU
		{7F312D64-1E73-45F7-946B-F24A20E43DD2}.Release|Any CPU.ActiveCfg = Release|Any CPU
		{7F312D64-1E73-45F7-946B-F24A20E43DD2}.Release|Any CPU.Build.0 = Release|Any CPU
		{4D0463C2-7340-4F7D-B9DE-D17D037DB4DA}.Debug|Any CPU.ActiveCfg = Debug|Any CPU
		{4D0463C2-7340-4F7D-B9DE-D17D037DB4DA}.Debug|Any CPU.Build.0 = Debug|Any CPU
		{4D0463C2-7340-4F7D-B9DE-D17D037DB4DA}.Release|Any CPU.ActiveCfg = Release|Any CPU
		{4D0463C2-7340-4F7D-B9DE-D17D037DB4DA}.Release|Any CPU.Build.0 = Release|Any CPU
	EndGlobalSection
	GlobalSection(SolutionProperties) = preSolution
		HideSolutionNode = FALSE
	EndGlobalSection
EndGlobal
